
Microsoft Visual Studio Solution File, Format Version 12.00
# Visual Studio Version 16
VisualStudioVersion = 16.0.29911.84
MinimumVisualStudioVersion = 10.0.40219.1
Project("{FAE04EC0-301F-11D3-BF4B-00C04F79EFBC}") = "TeatrUI", "TeatrUI\TeatrUI.csproj", "{0B994FB2-E5C3-4B6C-ADC9-C46D465172B7}"
EndProject
Project("{FAE04EC0-301F-11D3-BF4B-00C04F79EFBC}") = "TeatrLibrary", "TeatrLibrary\TeatrLibrary.csproj", "{BB518058-4DA4-4EB9-BE40-CFC7F8E81BAE}"
EndProject
Global
	GlobalSection(SolutionConfigurationPlatforms) = preSolution
		Debug|Any CPU = Debug|Any CPU
		Release|Any CPU = Release|Any CPU
	EndGlobalSection
	GlobalSection(ProjectConfigurationPlatforms) = postSolution
		{0B994FB2-E5C3-4B6C-ADC9-C46D465172B7}.Debug|Any CPU.ActiveCfg = Debug|Any CPU
		{0B994FB2-E5C3-4B6C-ADC9-C46D465172B7}.Debug|Any CPU.Build.0 = Debug|Any CPU
		{0B994FB2-E5C3-4B6C-ADC9-C46D465172B7}.Release|Any CPU.ActiveCfg = Release|Any CPU
		{0B994FB2-E5C3-4B6C-ADC9-C46D465172B7}.Release|Any CPU.Build.0 = Release|Any CPU
		{BB518058-4DA4-4EB9-BE40-CFC7F8E81BAE}.Debug|Any CPU.ActiveCfg = Debug|Any CPU
		{BB518058-4DA4-4EB9-BE40-CFC7F8E81BAE}.Debug|Any CPU.Build.0 = Debug|Any CPU
		{BB518058-4DA4-4EB9-BE40-CFC7F8E81BAE}.Release|Any CPU.ActiveCfg = Release|Any CPU
		{BB518058-4DA4-4EB9-BE40-CFC7F8E81BAE}.Release|Any CPU.Build.0 = Release|Any CPU
	EndGlobalSection
	GlobalSection(SolutionProperties) = preSolution
		HideSolutionNode = FALSE
	EndGlobalSection
	GlobalSection(ExtensibilityGlobals) = postSolution
		SolutionGuid = {EE38EF00-630E-4530-B267-63A3F064DFC0}
	EndGlobalSection
EndGlobal
